
Microsoft Visual Studio Solution File, Format Version 12.00
# Visual Studio Version 17
VisualStudioVersion = 17.12.35707.178 d17.12
MinimumVisualStudioVersion = 10.0.40219.1
Project("{FAE04EC0-301F-11D3-BF4B-00C04F79EFBC}") = "CICD_CLI", "CICD_CLI\CICD_CLI.csproj", "{D2827111-8719-40FA-BF3A-A1692381C71F}"
EndProject
Project("{FAE04EC0-301F-11D3-BF4B-00C04F79EFBC}") = "CICD_Core", "CICD_Core\CICD_Core.csproj", "{B535958A-E2DD-406E-B57D-AACBCB3E6601}"
EndProject
Project("{FAE04EC0-301F-11D3-BF4B-00C04F79EFBC}") = "CICD_Tests", "CICD_Tests\CICD_Tests.csproj", "{53FE95EE-075A-42D4-83AF-C14886874FCE}"
EndProject
Global
	GlobalSection(SolutionConfigurationPlatforms) = preSolution
		Debug|Any CPU = Debug|Any CPU
		Release|Any CPU = Release|Any CPU
	EndGlobalSection
	GlobalSection(ProjectConfigurationPlatforms) = postSolution
		{D2827111-8719-40FA-BF3A-A1692381C71F}.Debug|Any CPU.ActiveCfg = Debug|Any CPU
		{D2827111-8719-40FA-BF3A-A1692381C71F}.Debug|Any CPU.Build.0 = Debug|Any CPU
		{D2827111-8719-40FA-BF3A-A1692381C71F}.Release|Any CPU.ActiveCfg = Release|Any CPU
		{D2827111-8719-40FA-BF3A-A1692381C71F}.Release|Any CPU.Build.0 = Release|Any CPU
		{B535958A-E2DD-406E-B57D-AACBCB3E6601}.Debug|Any CPU.ActiveCfg = Debug|Any CPU
		{B535958A-E2DD-406E-B57D-AACBCB3E6601}.Debug|Any CPU.Build.0 = Debug|Any CPU
		{B535958A-E2DD-406E-B57D-AACBCB3E6601}.Release|Any CPU.ActiveCfg = Release|Any CPU
		{B535958A-E2DD-406E-B57D-AACBCB3E6601}.Release|Any CPU.Build.0 = Release|Any CPU
		{53FE95EE-075A-42D4-83AF-C14886874FCE}.Debug|Any CPU.ActiveCfg = Debug|Any CPU
		{53FE95EE-075A-42D4-83AF-C14886874FCE}.Debug|Any CPU.Build.0 = Debug|Any CPU
		{53FE95EE-075A-42D4-83AF-C14886874FCE}.Release|Any CPU.ActiveCfg = Release|Any CPU
		{53FE95EE-075A-42D4-83AF-C14886874FCE}.Release|Any CPU.Build.0 = Release|Any CPU
	EndGlobalSection
	GlobalSection(SolutionProperties) = preSolution
		HideSolutionNode = FALSE
	EndGlobalSection
EndGlobal
